
Microsoft Visual Studio Solution File, Format Version 12.00
# Visual Studio Version 17
VisualStudioVersion = 17.5.33627.172
MinimumVisualStudioVersion = 10.0.40219.1
Project("{FAE04EC0-301F-11D3-BF4B-00C04F79EFBC}") = "InventoryManagement2.0", "InventoryManagement2.0\InventoryManagement2.0.csproj", "{C35BACC0-3389-4E26-9402-6913EDF2D0FB}"
EndProject
Global
	GlobalSection(SolutionConfigurationPlatforms) = preSolution
		Debug|Any CPU = Debug|Any CPU
		Release|Any CPU = Release|Any CPU
	EndGlobalSection
	GlobalSection(ProjectConfigurationPlatforms) = postSolution
		{C35BACC0-3389-4E26-9402-6913EDF2D0FB}.Debug|Any CPU.ActiveCfg = Debug|Any CPU
		{C35BACC0-3389-4E26-9402-6913EDF2D0FB}.Debug|Any CPU.Build.0 = Debug|Any CPU
		{C35BACC0-3389-4E26-9402-6913EDF2D0FB}.Release|Any CPU.ActiveCfg = Release|Any CPU
		{C35BACC0-3389-4E26-9402-6913EDF2D0FB}.Release|Any CPU.Build.0 = Release|Any CPU
	EndGlobalSection
	GlobalSection(SolutionProperties) = preSolution
		HideSolutionNode = FALSE
	EndGlobalSection
	GlobalSection(ExtensibilityGlobals) = postSolution
		SolutionGuid = {94690E02-2217-4B3A-BC8E-D7E072A2833C}
	EndGlobalSection
EndGlobal
